
Microsoft Visual Studio Solution File, Format Version 12.00
# Visual Studio Version 16
VisualStudioVersion = 16.0.33927.289
MinimumVisualStudioVersion = 10.0.40219.1
Project("{FAE04EC0-301F-11D3-BF4B-00C04F79EFBC}") = "BDD_ExtentReports_NewTours", "BDD_ExtentReports_NewTours.csproj", "{6F015FB2-6627-4D5C-8A54-2B0FB4B18CA9}"
EndProject
Global
	GlobalSection(SolutionConfigurationPlatforms) = preSolution
		Debug|Any CPU = Debug|Any CPU
		Release|Any CPU = Release|Any CPU
	EndGlobalSection
	GlobalSection(ProjectConfigurationPlatforms) = postSolution
		{6F015FB2-6627-4D5C-8A54-2B0FB4B18CA9}.Debug|Any CPU.ActiveCfg = Debug|Any CPU
		{6F015FB2-6627-4D5C-8A54-2B0FB4B18CA9}.Debug|Any CPU.Build.0 = Debug|Any CPU
		{6F015FB2-6627-4D5C-8A54-2B0FB4B18CA9}.Release|Any CPU.ActiveCfg = Release|Any CPU
		{6F015FB2-6627-4D5C-8A54-2B0FB4B18CA9}.Release|Any CPU.Build.0 = Release|Any CPU
	EndGlobalSection
	GlobalSection(SolutionProperties) = preSolution
		HideSolutionNode = FALSE
	EndGlobalSection
	GlobalSection(ExtensibilityGlobals) = postSolution
		SolutionGuid = {92E6D145-B5FA-4858-A111-841AA6709D0C}
	EndGlobalSection
EndGlobal
